
Microsoft Visual Studio Solution File, Format Version 12.00
# Visual Studio 2013
VisualStudioVersion = 12.0.31101.0
MinimumVisualStudioVersion = 10.0.40219.1
Project("{FAE04EC0-301F-11D3-BF4B-00C04F79EFBC}") = "LFNet.SSO", "LFNet.SSO\LFNet.SSO.csproj", "{9C6EBD6B-75BA-4E90-82F2-D66A421C7DEE}"
EndProject
Project("{FAE04EC0-301F-11D3-BF4B-00C04F79EFBC}") = "LFNet.SSO.Web", "LFNet.SSO.Web\LFNet.SSO.Web.csproj", "{D75C55CC-0FFE-4614-A4E3-6146F3DAA815}"
EndProject
Project("{FAE04EC0-301F-11D3-BF4B-00C04F79EFBC}") = "LFNet.SSO.Web.Tests", "LFNet.SSO.Web.Tests\LFNet.SSO.Web.Tests.csproj", "{2CAFFBAC-EF80-4320-8140-035186C8D269}"
EndProject
Project("{F088123C-0E9E-452A-89E6-6BA2F21D5CAC}") = "ModelingProject", "ModelingProject\ModelingProject.modelproj", "{9FB4AB3B-E72D-4670-A5AD-C8DADFB83E8A}"
EndProject
Project("{FAE04EC0-301F-11D3-BF4B-00C04F79EFBC}") = "LFNet.Common", "..\Common\LFNet.Common\LFNet.Common.csproj", "{00F65E3B-B7AD-42F2-A398-56D5CDDFE125}"
EndProject
Global
	GlobalSection(SolutionConfigurationPlatforms) = preSolution
		Debug|Any CPU = Debug|Any CPU
		DebugNet4|Any CPU = DebugNet4|Any CPU
		Release|Any CPU = Release|Any CPU
		ReleaseNet35|Any CPU = ReleaseNet35|Any CPU
		ReleaseNet4|Any CPU = ReleaseNet4|Any CPU
	EndGlobalSection
	GlobalSection(ProjectConfigurationPlatforms) = postSolution
		{9C6EBD6B-75BA-4E90-82F2-D66A421C7DEE}.Debug|Any CPU.ActiveCfg = Debug|Any CPU
		{9C6EBD6B-75BA-4E90-82F2-D66A421C7DEE}.Debug|Any CPU.Build.0 = Debug|Any CPU
		{9C6EBD6B-75BA-4E90-82F2-D66A421C7DEE}.DebugNet4|Any CPU.ActiveCfg = Debug|Any CPU
		{9C6EBD6B-75BA-4E90-82F2-D66A421C7DEE}.DebugNet4|Any CPU.Build.0 = Debug|Any CPU
		{9C6EBD6B-75BA-4E90-82F2-D66A421C7DEE}.Release|Any CPU.ActiveCfg = Release|Any CPU
		{9C6EBD6B-75BA-4E90-82F2-D66A421C7DEE}.Release|Any CPU.Build.0 = Release|Any CPU
		{9C6EBD6B-75BA-4E90-82F2-D66A421C7DEE}.ReleaseNet35|Any CPU.ActiveCfg = Release|Any CPU
		{9C6EBD6B-75BA-4E90-82F2-D66A421C7DEE}.ReleaseNet35|Any CPU.Build.0 = Release|Any CPU
		{9C6EBD6B-75BA-4E90-82F2-D66A421C7DEE}.ReleaseNet4|Any CPU.ActiveCfg = Release|Any CPU
		{9C6EBD6B-75BA-4E90-82F2-D66A421C7DEE}.ReleaseNet4|Any CPU.Build.0 = Release|Any CPU
		{D75C55CC-0FFE-4614-A4E3-6146F3DAA815}.Debug|Any CPU.ActiveCfg = Debug|Any CPU
		{D75C55CC-0FFE-4614-A4E3-6146F3DAA815}.Debug|Any CPU.Build.0 = Debug|Any CPU
		{D75C55CC-0FFE-4614-A4E3-6146F3DAA815}.DebugNet4|Any CPU.ActiveCfg = Debug|Any CPU
		{D75C55CC-0FFE-4614-A4E3-6146F3DAA815}.DebugNet4|Any CPU.Build.0 = Debug|Any CPU
		{D75C55CC-0FFE-4614-A4E3-6146F3DAA815}.Release|Any CPU.ActiveCfg = Release|Any CPU
		{D75C55CC-0FFE-4614-A4E3-6146F3DAA815}.Release|Any CPU.Build.0 = Release|Any CPU
		{D75C55CC-0FFE-4614-A4E3-6146F3DAA815}.ReleaseNet35|Any CPU.ActiveCfg = Release|Any CPU
		{D75C55CC-0FFE-4614-A4E3-6146F3DAA815}.ReleaseNet35|Any CPU.Build.0 = Release|Any CPU
		{D75C55CC-0FFE-4614-A4E3-6146F3DAA815}.ReleaseNet4|Any CPU.ActiveCfg = Release|Any CPU
		{D75C55CC-0FFE-4614-A4E3-6146F3DAA815}.ReleaseNet4|Any CPU.Build.0 = Release|Any CPU
		{2CAFFBAC-EF80-4320-8140-035186C8D269}.Debug|Any CPU.ActiveCfg = Debug|Any CPU
		{2CAFFBAC-EF80-4320-8140-035186C8D269}.Debug|Any CPU.Build.0 = Debug|Any CPU
		{2CAFFBAC-EF80-4320-8140-035186C8D269}.DebugNet4|Any CPU.ActiveCfg = Debug|Any CPU
		{2CAFFBAC-EF80-4320-8140-035186C8D269}.DebugNet4|Any CPU.Build.0 = Debug|Any CPU
		{2CAFFBAC-EF80-4320-8140-035186C8D269}.Release|Any CPU.ActiveCfg = Release|Any CPU
		{2CAFFBAC-EF80-4320-8140-035186C8D269}.Release|Any CPU.Build.0 = Release|Any CPU
		{2CAFFBAC-EF80-4320-8140-035186C8D269}.ReleaseNet35|Any CPU.ActiveCfg = Release|Any CPU
		{2CAFFBAC-EF80-4320-8140-035186C8D269}.ReleaseNet35|Any CPU.Build.0 = Release|Any CPU
		{2CAFFBAC-EF80-4320-8140-035186C8D269}.ReleaseNet4|Any CPU.ActiveCfg = Release|Any CPU
		{2CAFFBAC-EF80-4320-8140-035186C8D269}.ReleaseNet4|Any CPU.Build.0 = Release|Any CPU
		{9FB4AB3B-E72D-4670-A5AD-C8DADFB83E8A}.Debug|Any CPU.ActiveCfg = Debug|Any CPU
		{9FB4AB3B-E72D-4670-A5AD-C8DADFB83E8A}.Debug|Any CPU.Build.0 = Debug|Any CPU
		{9FB4AB3B-E72D-4670-A5AD-C8DADFB83E8A}.DebugNet4|Any CPU.ActiveCfg = Debug|Any CPU
		{9FB4AB3B-E72D-4670-A5AD-C8DADFB83E8A}.DebugNet4|Any CPU.Build.0 = Debug|Any CPU
		{9FB4AB3B-E72D-4670-A5AD-C8DADFB83E8A}.Release|Any CPU.ActiveCfg = Release|Any CPU
		{9FB4AB3B-E72D-4670-A5AD-C8DADFB83E8A}.Release|Any CPU.Build.0 = Release|Any CPU
		{9FB4AB3B-E72D-4670-A5AD-C8DADFB83E8A}.ReleaseNet35|Any CPU.ActiveCfg = Release|Any CPU
		{9FB4AB3B-E72D-4670-A5AD-C8DADFB83E8A}.ReleaseNet35|Any CPU.Build.0 = Release|Any CPU
		{9FB4AB3B-E72D-4670-A5AD-C8DADFB83E8A}.ReleaseNet4|Any CPU.ActiveCfg = Release|Any CPU
		{9FB4AB3B-E72D-4670-A5AD-C8DADFB83E8A}.ReleaseNet4|Any CPU.Build.0 = Release|Any CPU
		{00F65E3B-B7AD-42F2-A398-56D5CDDFE125}.Debug|Any CPU.ActiveCfg = Debug|Any CPU
		{00F65E3B-B7AD-42F2-A398-56D5CDDFE125}.Debug|Any CPU.Build.0 = Debug|Any CPU
		{00F65E3B-B7AD-42F2-A398-56D5CDDFE125}.DebugNet4|Any CPU.ActiveCfg = DebugNet4|Any CPU
		{00F65E3B-B7AD-42F2-A398-56D5CDDFE125}.DebugNet4|Any CPU.Build.0 = DebugNet4|Any CPU
		{00F65E3B-B7AD-42F2-A398-56D5CDDFE125}.Release|Any CPU.ActiveCfg = Release|Any CPU
		{00F65E3B-B7AD-42F2-A398-56D5CDDFE125}.Release|Any CPU.Build.0 = Release|Any CPU
		{00F65E3B-B7AD-42F2-A398-56D5CDDFE125}.ReleaseNet35|Any CPU.ActiveCfg = ReleaseNet35|Any CPU
		{00F65E3B-B7AD-42F2-A398-56D5CDDFE125}.ReleaseNet35|Any CPU.Build.0 = ReleaseNet35|Any CPU
		{00F65E3B-B7AD-42F2-A398-56D5CDDFE125}.ReleaseNet4|Any CPU.ActiveCfg = ReleaseNet4|Any CPU
		{00F65E3B-B7AD-42F2-A398-56D5CDDFE125}.ReleaseNet4|Any CPU.Build.0 = ReleaseNet4|Any CPU
	EndGlobalSection
	GlobalSection(SolutionProperties) = preSolution
		HideSolutionNode = FALSE
	EndGlobalSection
EndGlobal
